
Microsoft Visual Studio Solution File, Format Version 12.00
# Visual Studio Version 17
VisualStudioVersion = 17.14.35906.104 d17.14
MinimumVisualStudioVersion = 10.0.40219.1
Project("{FAE04EC0-301F-11D3-BF4B-00C04F79EFBC}") = "ContactList", "ContactList.csproj", "{527F3BBA-4431-4DFE-85DB-2014922D7372}"
EndProject
Global
	GlobalSection(SolutionConfigurationPlatforms) = preSolution
		Debug|Any CPU = Debug|Any CPU
		Release|Any CPU = Release|Any CPU
	EndGlobalSection
	GlobalSection(ProjectConfigurationPlatforms) = postSolution
		{527F3BBA-4431-4DFE-85DB-2014922D7372}.Debug|Any CPU.ActiveCfg = Debug|Any CPU
		{527F3BBA-4431-4DFE-85DB-2014922D7372}.Debug|Any CPU.Build.0 = Debug|Any CPU
		{527F3BBA-4431-4DFE-85DB-2014922D7372}.Release|Any CPU.ActiveCfg = Release|Any CPU
		{527F3BBA-4431-4DFE-85DB-2014922D7372}.Release|Any CPU.Build.0 = Release|Any CPU
	EndGlobalSection
	GlobalSection(SolutionProperties) = preSolution
		HideSolutionNode = FALSE
	EndGlobalSection
	GlobalSection(ExtensibilityGlobals) = postSolution
		SolutionGuid = {21E6DDD7-F250-4B4B-9FAB-934A8FF956A2}
	EndGlobalSection
EndGlobal
